
Microsoft Visual Studio Solution File, Format Version 12.00
# Visual Studio Version 17
VisualStudioVersion = 17.4.33122.133
MinimumVisualStudioVersion = 10.0.40219.1
Project("{FAE04EC0-301F-11D3-BF4B-00C04F79EFBC}") = "Pig Latin", "Pig Latin\Pig Latin.csproj", "{A6118BFF-EDFC-4EE1-8631-E4F28A0F6CCB}"
EndProject
Global
	GlobalSection(SolutionConfigurationPlatforms) = preSolution
		Debug|Any CPU = Debug|Any CPU
		Release|Any CPU = Release|Any CPU
	EndGlobalSection
	GlobalSection(ProjectConfigurationPlatforms) = postSolution
		{A6118BFF-EDFC-4EE1-8631-E4F28A0F6CCB}.Debug|Any CPU.ActiveCfg = Debug|Any CPU
		{A6118BFF-EDFC-4EE1-8631-E4F28A0F6CCB}.Debug|Any CPU.Build.0 = Debug|Any CPU
		{A6118BFF-EDFC-4EE1-8631-E4F28A0F6CCB}.Release|Any CPU.ActiveCfg = Release|Any CPU
		{A6118BFF-EDFC-4EE1-8631-E4F28A0F6CCB}.Release|Any CPU.Build.0 = Release|Any CPU
	EndGlobalSection
	GlobalSection(SolutionProperties) = preSolution
		HideSolutionNode = FALSE
	EndGlobalSection
	GlobalSection(ExtensibilityGlobals) = postSolution
		SolutionGuid = {6A2F5503-C1AB-4ED5-8037-CAE4B7563603}
	EndGlobalSection
EndGlobal
